# This file is autogenerated, do not edit; changes may be undone by the next 'dep ensure'.


[[projects]]
  name = "github.com/buaazp/fasthttprouter"
  packages = ["."]
  revision = "ade4e2031af3aed7fffd241084aad80a58faf421"
  version = "v0.1.1"

[[projects]]
  branch = "master"
  name = "github.com/cloudflare/golibs"
  packages = ["lrucache"]
  revision = "333127dbecfcc23a8db7d9a4f52785d23aff44a1"

[[projects]]
  name = "github.com/json-iterator/go"
  packages = ["."]
  revision = "f7279a603edee96fe7764d3de9c6ff8cf9970994"
  version = "1.0.4"

[[projects]]
  name = "github.com/klauspost/compress"
  packages = ["flate","gzip","zlib"]
  revision = "6c8db69c4b49dd4df1fff66996cf556176d0b9bf"
  version = "v1.2.1"

[[projects]]
  name = "github.com/klauspost/cpuid"
  packages = ["."]
  revision = "ae7887de9fa5d2db4eaa8174a7eff2c1ac00f2da"
  version = "v1.1"

[[projects]]
  name = "github.com/klauspost/crc32"
  packages = ["."]
  revision = "cb6bfca970f6908083f26f39a79009d608efd5cd"
  version = "v1.1"

[[projects]]
  name = "github.com/naoina/go-stringutil"
  packages = ["."]
  revision = "6b638e95a32d0c1131db0e7fe83775cbea4a0d0b"
  version = "v0.1.0"

[[projects]]
  name = "github.com/naoina/toml"
  packages = [".","ast"]
  revision = "e6f5723bf2a66af014955e0888881314cf294129"
  version = "v0.1.1"

[[projects]]
  branch = "master"
  name = "github.com/phuslu/glog"
  packages = ["."]
  revision = "0d79ab12d57f19a78e1807018920997f067a8de0"

[[projects]]
  name = "github.com/valyala/fasthttp"
  packages = [".","fasthttpadaptor","fasthttputil"]
  revision = "d42167fd04f636e20b005e9934159e95454233c7"
  version = "v20160617"

[[projects]]
  branch = "master"
  name = "golang.org/x/sync"
  packages = ["singleflight"]
  revision = "fd80eb99c8f653c847d294a001bdf2a3a6f768f5"

[[projects]]
  branch = "master"
  name = "golang.org/x/sys"
  packages = ["unix"]
  revision = "83801418e1b59fb1880e363299581ee543af32ca"

[solve-meta]
  analyzer-name = "dep"
  analyzer-version = 1
  inputs-digest = "76bdf8f547c6bd753b50193bc274228135115dad9d4811e47b3e9b76b144cf64"
  solver-name = "gps-cdcl"
  solver-version = 1
